
Microsoft Visual Studio Solution File, Format Version 12.00
# Visual Studio Version 17
VisualStudioVersion = 17.4.33205.214
MinimumVisualStudioVersion = 10.0.40219.1
Project("{FAE04EC0-301F-11D3-BF4B-00C04F79EFBC}") = "ProjectPlatoonMedicClient", "ProjectPlatoonMedic\ProjectPlatoonMedicClient.csproj", "{2660AB94-DEE9-4ABC-AB00-07513258184B}"
EndProject
Project("{FAE04EC0-301F-11D3-BF4B-00C04F79EFBC}") = "ProjectPlatoonMedicServer", "ProjectPlatoonMedicServer\ProjectPlatoonMedicServer.csproj", "{13549C42-CDFE-4A6E-AD1F-72335BD70B32}"
EndProject
Global
	GlobalSection(SolutionConfigurationPlatforms) = preSolution
		Debug|Any CPU = Debug|Any CPU
		Release|Any CPU = Release|Any CPU
	EndGlobalSection
	GlobalSection(ProjectConfigurationPlatforms) = postSolution
		{2660AB94-DEE9-4ABC-AB00-07513258184B}.Debug|Any CPU.ActiveCfg = Debug|Any CPU
		{2660AB94-DEE9-4ABC-AB00-07513258184B}.Debug|Any CPU.Build.0 = Debug|Any CPU
		{2660AB94-DEE9-4ABC-AB00-07513258184B}.Release|Any CPU.ActiveCfg = Release|Any CPU
		{2660AB94-DEE9-4ABC-AB00-07513258184B}.Release|Any CPU.Build.0 = Release|Any CPU
		{13549C42-CDFE-4A6E-AD1F-72335BD70B32}.Debug|Any CPU.ActiveCfg = Debug|Any CPU
		{13549C42-CDFE-4A6E-AD1F-72335BD70B32}.Debug|Any CPU.Build.0 = Debug|Any CPU
		{13549C42-CDFE-4A6E-AD1F-72335BD70B32}.Release|Any CPU.ActiveCfg = Release|Any CPU
		{13549C42-CDFE-4A6E-AD1F-72335BD70B32}.Release|Any CPU.Build.0 = Release|Any CPU
	EndGlobalSection
	GlobalSection(SolutionProperties) = preSolution
		HideSolutionNode = FALSE
	EndGlobalSection
	GlobalSection(ExtensibilityGlobals) = postSolution
		SolutionGuid = {E722D8BA-7666-4B9F-A1F3-0F55FFF2F16F}
	EndGlobalSection
EndGlobal
